[[package]]
name = "appdirs"
version = "1.4.4"
description = "A small Python module for determining appropriate platform-specific dirs, e.g. a \"user data dir\"."
category = "main"
optional = false
python-versions = "*"

[[package]]
name = "asgiref"
version = "3.3.1"
description = "ASGI specs, helper code, and adapters"
category = "main"
optional = false
python-versions = ">=3.5"

[package.extras]
tests = ["pytest", "pytest-asyncio"]

[[package]]
name = "cfgv"
version = "3.2.0"
description = "Validate configuration and produce human readable error messages."
category = "main"
optional = false
python-versions = ">=3.6.1"

[[package]]
name = "defusedxml"
version = "0.7.0"
description = "XML bomb protection for Python stdlib modules"
category = "main"
optional = false
python-versions = ">=2.7, !=3.0.*, !=3.1.*, !=3.2.*, !=3.3.*, !=3.4.*"

[[package]]
name = "diff-match-patch"
version = "20200713"
description = "Repackaging of Google's Diff Match and Patch libraries. Offers robust algorithms to perform the operations required for synchronizing plain text."
category = "main"
optional = false
python-versions = ">=2.7"

[[package]]
name = "distlib"
version = "0.3.1"
description = "Distribution utilities"
category = "main"
optional = false
python-versions = "*"

[[package]]
name = "dj-database-url"
version = "0.5.0"
description = "Use Database URLs in your Django Application."
category = "main"
optional = false
python-versions = "*"

[[package]]
name = "django"
version = "3.1.7"
description = "A high-level Python Web framework that encourages rapid development and clean, pragmatic design."
category = "main"
optional = false
python-versions = ">=3.6"

[package.dependencies]
asgiref = ">=3.2.10,<4"
pytz = "*"
sqlparse = ">=0.2.2"

[package.extras]
argon2 = ["argon2-cffi (>=16.1.0)"]
bcrypt = ["bcrypt"]

[[package]]
name = "django-cors-headers"
version = "3.7.0"
description = "django-cors-headers is a Django application for handling the server headers required for Cross-Origin Resource Sharing (CORS)."
category = "main"
optional = false
python-versions = ">=3.6"

[package.dependencies]
Django = ">=2.2"

[[package]]
name = "django-environ"
version = "0.4.5"
description = "Django-environ allows you to utilize 12factor inspired environment variables to configure your Django application."
category = "main"
optional = false
python-versions = "*"

[[package]]
name = "django-import-export"
version = "2.5.0"
description = "Django application and library for importing and exporting data with included admin integration."
category = "main"
optional = false
python-versions = ">=3.5"

[package.dependencies]
diff-match-patch = "*"
Django = ">=2.0"
tablib = {version = ">=0.14.0", extras = ["html", "ods", "xls", "xlsx", "yaml"]}

[[package]]
name = "et-xmlfile"
version = "1.0.1"
description = "An implementation of lxml.xmlfile for the standard library"
category = "main"
optional = false
python-versions = "*"

[[package]]
name = "filelock"
version = "3.0.12"
description = "A platform independent file lock."
category = "main"
optional = false
python-versions = "*"

[[package]]
name = "gunicorn"
version = "20.0.4"
description = "WSGI HTTP Server for UNIX"
category = "main"
optional = false
python-versions = ">=3.4"

[package.extras]
eventlet = ["eventlet (>=0.9.7)"]
gevent = ["gevent (>=0.13)"]
setproctitle = ["setproctitle"]
tornado = ["tornado (>=0.2)"]

[[package]]
name = "identify"
version = "1.5.14"
description = "File identification library for Python"
category = "main"
optional = false
python-versions = "!=3.0.*,!=3.1.*,!=3.2.*,!=3.3.*,>=2.7"

[package.extras]
license = ["editdistance"]

[[package]]
name = "jdcal"
version = "1.4.1"
description = "Julian dates from proleptic Gregorian and Julian calendars."
category = "main"
optional = false
python-versions = "*"

[[package]]
name = "markuppy"
version = "1.14"
description = "An HTML/XML generator"
category = "main"
optional = false
python-versions = "*"

[[package]]
name = "nodeenv"
version = "1.5.0"
description = "Node.js virtual environment builder"
category = "main"
optional = false
python-versions = "*"

[[package]]
name = "odfpy"
version = "1.4.1"
description = "Python API and tools to manipulate OpenDocument files"
category = "main"
optional = false
python-versions = "*"

[package.dependencies]
defusedxml = "*"

[[package]]
name = "openpyxl"
version = "3.0.6"
description = "A Python library to read/write Excel 2010 xlsx/xlsm files"
category = "main"
optional = false
python-versions = ">=3.6,"

[package.dependencies]
et-xmlfile = "*"
jdcal = "*"

[[package]]
name = "pre-commit"
version = "2.10.1"
description = "A framework for managing and maintaining multi-language pre-commit hooks."
category = "main"
optional = false
python-versions = ">=3.6.1"

[package.dependencies]
cfgv = ">=2.0.0"
identify = ">=1.0.0"
nodeenv = ">=0.11.1"
pyyaml = ">=5.1"
toml = "*"
virtualenv = ">=20.0.8"

[[package]]
name = "psycopg2-binary"
version = "2.8.6"
description = "psycopg2 - Python-PostgreSQL Database Adapter"
category = "main"
optional = false
python-versions = ">=2.7,!=3.0.*,!=3.1.*,!=3.2.*,!=3.3.*"

[[package]]
name = "pytz"
version = "2021.1"
description = "World timezone definitions, modern and historical"
category = "main"
optional = false
python-versions = "*"

[[package]]
name = "pyyaml"
version = "5.4.1"
description = "YAML parser and emitter for Python"
category = "main"
optional = false
python-versions = ">=2.7, !=3.0.*, !=3.1.*, !=3.2.*, !=3.3.*, !=3.4.*, !=3.5.*"

[[package]]
name = "six"
version = "1.15.0"
description = "Python 2 and 3 compatibility utilities"
category = "main"
optional = false
python-versions = ">=2.7, !=3.0.*, !=3.1.*, !=3.2.*"

[[package]]
name = "sqlparse"
version = "0.4.1"
description = "A non-validating SQL parser."
category = "main"
optional = false
python-versions = ">=3.5"

[[package]]
name = "tablib"
version = "3.0.0"
description = "Format agnostic tabular data library (XLS, JSON, YAML, CSV)"
category = "main"
optional = false
python-versions = ">=3.6"

[package.dependencies]
markuppy = {version = "*", optional = true, markers = "extra == \"html\""}
odfpy = {version = "*", optional = true, markers = "extra == \"ods\""}
openpyxl = {version = ">=2.6.0", optional = true, markers = "extra == \"xlsx\""}
pyyaml = {version = "*", optional = true, markers = "extra == \"yaml\""}
xlrd = {version = "*", optional = true, markers = "extra == \"xls\""}
xlwt = {version = "*", optional = true, markers = "extra == \"xls\""}

[package.extras]
all = ["markuppy", "odfpy", "openpyxl (>=2.6.0)", "pandas", "pyyaml", "tabulate", "xlrd", "xlwt"]
cli = ["tabulate"]
html = ["markuppy"]
ods = ["odfpy"]
pandas = ["pandas"]
xls = ["xlrd", "xlwt"]
xlsx = ["openpyxl (>=2.6.0)"]
yaml = ["pyyaml"]

[[package]]
name = "toml"
version = "0.10.2"
description = "Python Library for Tom's Obvious, Minimal Language"
category = "main"
optional = false
python-versions = ">=2.6, !=3.0.*, !=3.1.*, !=3.2.*"

[[package]]
name = "virtualenv"
version = "20.4.2"
description = "Virtual Python Environment builder"
category = "main"
optional = false
python-versions = "!=3.0.*,!=3.1.*,!=3.2.*,!=3.3.*,>=2.7"

[package.dependencies]
appdirs = ">=1.4.3,<2"
distlib = ">=0.3.1,<1"
filelock = ">=3.0.0,<4"
six = ">=1.9.0,<2"

[package.extras]
docs = ["proselint (>=0.10.2)", "sphinx (>=3)", "sphinx-argparse (>=0.2.5)", "sphinx-rtd-theme (>=0.4.3)", "towncrier (>=19.9.0rc1)"]
testing = ["coverage (>=4)", "coverage-enable-subprocess (>=1)", "flaky (>=3)", "pytest (>=4)", "pytest-env (>=0.6.2)", "pytest-freezegun (>=0.4.1)", "pytest-mock (>=2)", "pytest-randomly (>=1)", "pytest-timeout (>=1)", "packaging (>=20.0)", "xonsh (>=0.9.16)"]

[[package]]
name = "whitenoise"
version = "5.2.0"
description = "Radically simplified static file serving for WSGI applications"
category = "main"
optional = false
python-versions = ">=3.5, <4"

[package.extras]
brotli = ["brotli"]

[[package]]
name = "xlrd"
version = "2.0.1"
description = "Library for developers to extract data from Microsoft Excel (tm) .xls spreadsheet files"
category = "main"
optional = false
python-versions = ">=2.7, !=3.0.*, !=3.1.*, !=3.2.*, !=3.3.*, !=3.4.*, !=3.5.*"

[package.extras]
build = ["wheel", "twine"]
docs = ["sphinx"]
test = ["pytest", "pytest-cov"]

[[package]]
name = "xlwt"
version = "1.3.0"
description = "Library to create spreadsheet files compatible with MS Excel 97/2000/XP/2003 XLS files, on any platform, with Python 2.6, 2.7, 3.3+"
category = "main"
optional = false
python-versions = "*"

[metadata]
lock-version = "1.1"
python-versions = "^3.8.6"
content-hash = "ad2828967751bc4a939ecb7c0425fd61cd2acc04798b07df7167b5066142b895"

[metadata.files]
appdirs = [
    {file = "appdirs-1.4.4-py2.py3-none-any.whl", hash = "sha256:a841dacd6b99318a741b166adb07e19ee71a274450e68237b4650ca1055ab128"},
    {file = "appdirs-1.4.4.tar.gz", hash = "sha256:7d5d0167b2b1ba821647616af46a749d1c653740dd0d2415100fe26e27afdf41"},
]
asgiref = [
    {file = "asgiref-3.3.1-py3-none-any.whl", hash = "sha256:5ee950735509d04eb673bd7f7120f8fa1c9e2df495394992c73234d526907e17"},
    {file = "asgiref-3.3.1.tar.gz", hash = "sha256:7162a3cb30ab0609f1a4c95938fd73e8604f63bdba516a7f7d64b83ff09478f0"},
]
cfgv = [
    {file = "cfgv-3.2.0-py2.py3-none-any.whl", hash = "sha256:32e43d604bbe7896fe7c248a9c2276447dbef840feb28fe20494f62af110211d"},
    {file = "cfgv-3.2.0.tar.gz", hash = "sha256:cf22deb93d4bcf92f345a5c3cd39d3d41d6340adc60c78bbbd6588c384fda6a1"},
]
defusedxml = [
    {file = "defusedxml-0.7.0-py2.py3-none-any.whl", hash = "sha256:a290cad10346ed366c8a0133d868eaf6585ec6afdd0c511286cdb11f5fc3d285"},
    {file = "defusedxml-0.7.0.tar.gz", hash = "sha256:86b15d9e3c639de79f4cb38aeffea3281f62aff78dde7d798e1352c63bfa6ea0"},
]
diff-match-patch = [
    {file = "diff-match-patch-20200713.tar.gz", hash = "sha256:da6f5a01aa586df23dfc89f3827e1cafbb5420be9d87769eeb079ddfd9477a18"},
    {file = "diff_match_patch-20200713-py3-none-any.whl", hash = "sha256:8bf9d9c4e059d917b5c6312bac0c137971a32815ddbda9c682b949f2986b4d34"},
]
distlib = [
    {file = "distlib-0.3.1-py2.py3-none-any.whl", hash = "sha256:8c09de2c67b3e7deef7184574fc060ab8a793e7adbb183d942c389c8b13c52fb"},
    {file = "distlib-0.3.1.zip", hash = "sha256:edf6116872c863e1aa9d5bb7cb5e05a022c519a4594dc703843343a9ddd9bff1"},
]
dj-database-url = [
    {file = "dj-database-url-0.5.0.tar.gz", hash = "sha256:4aeaeb1f573c74835b0686a2b46b85990571159ffc21aa57ecd4d1e1cb334163"},
    {file = "dj_database_url-0.5.0-py2.py3-none-any.whl", hash = "sha256:851785365761ebe4994a921b433062309eb882fedd318e1b0fcecc607ed02da9"},
]
django = [
    {file = "Django-3.1.7-py3-none-any.whl", hash = "sha256:baf099db36ad31f970775d0be5587cc58a6256a6771a44eb795b554d45f211b8"},
    {file = "Django-3.1.7.tar.gz", hash = "sha256:32ce792ee9b6a0cbbec340123e229ac9f765dff8c2a4ae9247a14b2ba3a365a7"},
]
django-cors-headers = [
    {file = "django-cors-headers-3.7.0.tar.gz", hash = "sha256:96069c4aaacace786a34ee7894ff680780ec2644e4268b31181044410fecd12e"},
    {file = "django_cors_headers-3.7.0-py3-none-any.whl", hash = "sha256:1ac2b1213de75a251e2ba04448da15f99bcfcbe164288ae6b5ff929dc49b372f"},
]
django-environ = [
    {file = "django-environ-0.4.5.tar.gz", hash = "sha256:6c9d87660142608f63ec7d5ce5564c49b603ea8ff25da595fd6098f6dc82afde"},
    {file = "django_environ-0.4.5-py2.py3-none-any.whl", hash = "sha256:c57b3c11ec1f319d9474e3e5a79134f40174b17c7cc024bbb2fad84646b120c4"},
]
django-import-export = [
    {file = "django-import-export-2.5.0.tar.gz", hash = "sha256:c39c003bfc803fb63ba7742562f1667603a4a8d7426261845d75ce8582d40f48"},
    {file = "django_import_export-2.5.0-py3-none-any.whl", hash = "sha256:cf6f3dabdd4f32dcb26e25c7ddcba7aee3168b55d380b0da79f0349afa17c011"},
]
et-xmlfile = [
    {file = "et_xmlfile-1.0.1.tar.gz", hash = "sha256:614d9722d572f6246302c4491846d2c393c199cfa4edc9af593437691683335b"},
]
filelock = [
    {file = "filelock-3.0.12-py3-none-any.whl", hash = "sha256:929b7d63ec5b7d6b71b0fa5ac14e030b3f70b75747cef1b10da9b879fef15836"},
    {file = "filelock-3.0.12.tar.gz", hash = "sha256:18d82244ee114f543149c66a6e0c14e9c4f8a1044b5cdaadd0f82159d6a6ff59"},
]
gunicorn = [
    {file = "gunicorn-20.0.4-py2.py3-none-any.whl", hash = "sha256:cd4a810dd51bf497552cf3f863b575dabd73d6ad6a91075b65936b151cbf4f9c"},
    {file = "gunicorn-20.0.4.tar.gz", hash = "sha256:1904bb2b8a43658807108d59c3f3d56c2b6121a701161de0ddf9ad140073c626"},
]
identify = [
    {file = "identify-1.5.14-py2.py3-none-any.whl", hash = "sha256:e0dae57c0397629ce13c289f6ddde0204edf518f557bfdb1e56474aa143e77c3"},
    {file = "identify-1.5.14.tar.gz", hash = "sha256:de7129142a5c86d75a52b96f394d94d96d497881d2aaf8eafe320cdbe8ac4bcc"},
]
jdcal = [
    {file = "jdcal-1.4.1-py2.py3-none-any.whl", hash = "sha256:1abf1305fce18b4e8aa248cf8fe0c56ce2032392bc64bbd61b5dff2a19ec8bba"},
    {file = "jdcal-1.4.1.tar.gz", hash = "sha256:472872e096eb8df219c23f2689fc336668bdb43d194094b5cc1707e1640acfc8"},
]
markuppy = [
    {file = "MarkupPy-1.14.tar.gz", hash = "sha256:1adee2c0a542af378fe84548ff6f6b0168f3cb7f426b46961038a2bcfaad0d5f"},
]
nodeenv = [
    {file = "nodeenv-1.5.0-py2.py3-none-any.whl", hash = "sha256:5304d424c529c997bc888453aeaa6362d242b6b4631e90f3d4bf1b290f1c84a9"},
    {file = "nodeenv-1.5.0.tar.gz", hash = "sha256:ab45090ae383b716c4ef89e690c41ff8c2b257b85b309f01f3654df3d084bd7c"},
]
odfpy = [
    {file = "odfpy-1.4.1-py2.7.egg", hash = "sha256:fc3b8d1bc098eba4a0fda865a76d9d1e577c4ceec771426bcb169a82c5e9dfe0"},
    {file = "odfpy-1.4.1.tar.gz", hash = "sha256:db766a6e59c5103212f3cc92ec8dd50a0f3a02790233ed0b52148b70d3c438ec"},
]
openpyxl = [
    {file = "openpyxl-3.0.6-py2.py3-none-any.whl", hash = "sha256:1a4b3869c2500b5c713e8e28341cdada49ecfcff1b10cd9006945f5bcefc090d"},
    {file = "openpyxl-3.0.6.tar.gz", hash = "sha256:b229112b46e158b910a5d1b270b212c42773d39cab24e8db527f775b82afc041"},
]
pre-commit = [
    {file = "pre_commit-2.10.1-py2.py3-none-any.whl", hash = "sha256:16212d1fde2bed88159287da88ff03796863854b04dc9f838a55979325a3d20e"},
    {file = "pre_commit-2.10.1.tar.gz", hash = "sha256:399baf78f13f4de82a29b649afd74bef2c4e28eb4f021661fc7f29246e8c7a3a"},
]
psycopg2-binary = [
    {file = "psycopg2-binary-2.8.6.tar.gz", hash = "sha256:11b9c0ebce097180129e422379b824ae21c8f2a6596b159c7659e2e5a00e1aa0"},
    {file = "psycopg2_binary-2.8.6-cp27-cp27m-macosx_10_6_intel.macosx_10_9_intel.macosx_10_9_x86_64.macosx_10_10_intel.macosx_10_10_x86_64.whl", hash = "sha256:d14b140a4439d816e3b1229a4a525df917d6ea22a0771a2a78332273fd9528a4"},
    {file = "psycopg2_binary-2.8.6-cp27-cp27m-manylinux1_i686.whl", hash = "sha256:1fabed9ea2acc4efe4671b92c669a213db744d2af8a9fc5d69a8e9bc14b7a9db"},
    {file = "psycopg2_binary-2.8.6-cp27-cp27m-manylinux1_x86_64.whl", hash = "sha256:f5ab93a2cb2d8338b1674be43b442a7f544a0971da062a5da774ed40587f18f5"},
    {file = "psycopg2_binary-2.8.6-cp27-cp27m-win32.whl", hash = "sha256:b4afc542c0ac0db720cf516dd20c0846f71c248d2b3d21013aa0d4ef9c71ca25"},
    {file = "psycopg2_binary-2.8.6-cp27-cp27m-win_amd64.whl", hash = "sha256:e74a55f6bad0e7d3968399deb50f61f4db1926acf4a6d83beaaa7df986f48b1c"},
    {file = "psycopg2_binary-2.8.6-cp27-cp27mu-manylinux1_i686.whl", hash = "sha256:0deac2af1a587ae12836aa07970f5cb91964f05a7c6cdb69d8425ff4c15d4e2c"},
    {file = "psycopg2_binary-2.8.6-cp27-cp27mu-manylinux1_x86_64.whl", hash = "sha256:ad20d2eb875aaa1ea6d0f2916949f5c08a19c74d05b16ce6ebf6d24f2c9f75d1"},
    {file = "psycopg2_binary-2.8.6-cp34-cp34m-win32.whl", hash = "sha256:950bc22bb56ee6ff142a2cb9ee980b571dd0912b0334aa3fe0fe3788d860bea2"},
    {file = "psycopg2_binary-2.8.6-cp34-cp34m-win_amd64.whl", hash = "sha256:b8a3715b3c4e604bcc94c90a825cd7f5635417453b253499664f784fc4da0152"},
    {file = "psycopg2_binary-2.8.6-cp35-cp35m-macosx_10_6_intel.macosx_10_9_intel.macosx_10_9_x86_64.macosx_10_10_intel.macosx_10_10_x86_64.whl", hash = "sha256:d1b4ab59e02d9008efe10ceabd0b31e79519da6fb67f7d8e8977118832d0f449"},
    {file = "psycopg2_binary-2.8.6-cp35-cp35m-manylinux1_i686.whl", hash = "sha256:ac0c682111fbf404525dfc0f18a8b5f11be52657d4f96e9fcb75daf4f3984859"},
    {file = "psycopg2_binary-2.8.6-cp35-cp35m-manylinux1_x86_64.whl", hash = "sha256:7d92a09b788cbb1aec325af5fcba9fed7203897bbd9269d5691bb1e3bce29550"},
    {file = "psycopg2_binary-2.8.6-cp35-cp35m-win32.whl", hash = "sha256:aaa4213c862f0ef00022751161df35804127b78adf4a2755b9f991a507e425fd"},
    {file = "psycopg2_binary-2.8.6-cp35-cp35m-win_amd64.whl", hash = "sha256:c2507d796fca339c8fb03216364cca68d87e037c1f774977c8fc377627d01c71"},
    {file = "psycopg2_binary-2.8.6-cp36-cp36m-macosx_10_6_intel.macosx_10_9_intel.macosx_10_9_x86_64.macosx_10_10_intel.macosx_10_10_x86_64.whl", hash = "sha256:ee69dad2c7155756ad114c02db06002f4cded41132cc51378e57aad79cc8e4f4"},
    {file = "psycopg2_binary-2.8.6-cp36-cp36m-manylinux1_i686.whl", hash = "sha256:e82aba2188b9ba309fd8e271702bd0d0fc9148ae3150532bbb474f4590039ffb"},
    {file = "psycopg2_binary-2.8.6-cp36-cp36m-manylinux1_x86_64.whl", hash = "sha256:d5227b229005a696cc67676e24c214740efd90b148de5733419ac9aaba3773da"},
    {file = "psycopg2_binary-2.8.6-cp36-cp36m-win32.whl", hash = "sha256:a0eb43a07386c3f1f1ebb4dc7aafb13f67188eab896e7397aa1ee95a9c884eb2"},
    {file = "psycopg2_binary-2.8.6-cp36-cp36m-win_amd64.whl", hash = "sha256:e1f57aa70d3f7cc6947fd88636a481638263ba04a742b4a37dd25c373e41491a"},
    {file = "psycopg2_binary-2.8.6-cp37-cp37m-macosx_10_6_intel.macosx_10_9_intel.macosx_10_9_x86_64.macosx_10_10_intel.macosx_10_10_x86_64.whl", hash = "sha256:833709a5c66ca52f1d21d41865a637223b368c0ee76ea54ca5bad6f2526c7679"},
    {file = "psycopg2_binary-2.8.6-cp37-cp37m-manylinux1_i686.whl", hash = "sha256:ba28584e6bca48c59eecbf7efb1576ca214b47f05194646b081717fa628dfddf"},
    {file = "psycopg2_binary-2.8.6-cp37-cp37m-manylinux1_x86_64.whl", hash = "sha256:6a32f3a4cb2f6e1a0b15215f448e8ce2da192fd4ff35084d80d5e39da683e79b"},
    {file = "psycopg2_binary-2.8.6-cp37-cp37m-win32.whl", hash = "sha256:0e4dc3d5996760104746e6cfcdb519d9d2cd27c738296525d5867ea695774e67"},
    {file = "psycopg2_binary-2.8.6-cp37-cp37m-win_amd64.whl", hash = "sha256:cec7e622ebc545dbb4564e483dd20e4e404da17ae07e06f3e780b2dacd5cee66"},
    {file = "psycopg2_binary-2.8.6-cp38-cp38-macosx_10_9_x86_64.macosx_10_9_intel.macosx_10_10_intel.macosx_10_10_x86_64.whl", hash = "sha256:ba381aec3a5dc29634f20692349d73f2d21f17653bda1decf0b52b11d694541f"},
    {file = "psycopg2_binary-2.8.6-cp38-cp38-manylinux1_i686.whl", hash = "sha256:a0c50db33c32594305b0ef9abc0cb7db13de7621d2cadf8392a1d9b3c437ef77"},
    {file = "psycopg2_binary-2.8.6-cp38-cp38-manylinux1_x86_64.whl", hash = "sha256:2dac98e85565d5688e8ab7bdea5446674a83a3945a8f416ad0110018d1501b94"},
    {file = "psycopg2_binary-2.8.6-cp38-cp38-win32.whl", hash = "sha256:bd1be66dde2b82f80afb9459fc618216753f67109b859a361cf7def5c7968729"},
    {file = "psycopg2_binary-2.8.6-cp38-cp38-win_amd64.whl", hash = "sha256:8cd0fb36c7412996859cb4606a35969dd01f4ea34d9812a141cd920c3b18be77"},
    {file = "psycopg2_binary-2.8.6-cp39-cp39-macosx_10_9_x86_64.macosx_10_9_intel.macosx_10_10_intel.macosx_10_10_x86_64.whl", hash = "sha256:89705f45ce07b2dfa806ee84439ec67c5d9a0ef20154e0e475e2b2ed392a5b83"},
    {file = "psycopg2_binary-2.8.6-cp39-cp39-manylinux1_i686.whl", hash = "sha256:42ec1035841b389e8cc3692277a0bd81cdfe0b65d575a2c8862cec7a80e62e52"},
    {file = "psycopg2_binary-2.8.6-cp39-cp39-manylinux1_x86_64.whl", hash = "sha256:7312e931b90fe14f925729cde58022f5d034241918a5c4f9797cac62f6b3a9dd"},
    {file = "psycopg2_binary-2.8.6-cp39-cp39-win32.whl", hash = "sha256:6422f2ff0919fd720195f64ffd8f924c1395d30f9a495f31e2392c2efafb5056"},
    {file = "psycopg2_binary-2.8.6-cp39-cp39-win_amd64.whl", hash = "sha256:15978a1fbd225583dd8cdaf37e67ccc278b5abecb4caf6b2d6b8e2b948e953f6"},
]
pytz = [
    {file = "pytz-2021.1-py2.py3-none-any.whl", hash = "sha256:eb10ce3e7736052ed3623d49975ce333bcd712c7bb19a58b9e2089d4057d0798"},
    {file = "pytz-2021.1.tar.gz", hash = "sha256:83a4a90894bf38e243cf052c8b58f381bfe9a7a483f6a9cab140bc7f702ac4da"},
]
pyyaml = [
    {file = "PyYAML-5.4.1-cp27-cp27m-macosx_10_9_x86_64.whl", hash = "sha256:3b2b1824fe7112845700f815ff6a489360226a5609b96ec2190a45e62a9fc922"},
    {file = "PyYAML-5.4.1-cp27-cp27m-win32.whl", hash = "sha256:129def1b7c1bf22faffd67b8f3724645203b79d8f4cc81f674654d9902cb4393"},
    {file = "PyYAML-5.4.1-cp27-cp27m-win_amd64.whl", hash = "sha256:4465124ef1b18d9ace298060f4eccc64b0850899ac4ac53294547536533800c8"},
    {file = "PyYAML-5.4.1-cp27-cp27mu-manylinux1_x86_64.whl", hash = "sha256:bb4191dfc9306777bc594117aee052446b3fa88737cd13b7188d0e7aa8162185"},
    {file = "PyYAML-5.4.1-cp36-cp36m-macosx_10_9_x86_64.whl", hash = "sha256:6c78645d400265a062508ae399b60b8c167bf003db364ecb26dcab2bda048253"},
    {file = "PyYAML-5.4.1-cp36-cp36m-manylinux1_x86_64.whl", hash = "sha256:4e0583d24c881e14342eaf4ec5fbc97f934b999a6828693a99157fde912540cc"},
    {file = "PyYAML-5.4.1-cp36-cp36m-win32.whl", hash = "sha256:3bd0e463264cf257d1ffd2e40223b197271046d09dadf73a0fe82b9c1fc385a5"},
    {file = "PyYAML-5.4.1-cp36-cp36m-win_amd64.whl", hash = "sha256:e4fac90784481d221a8e4b1162afa7c47ed953be40d31ab4629ae917510051df"},
    {file = "PyYAML-5.4.1-cp37-cp37m-macosx_10_9_x86_64.whl", hash = "sha256:5accb17103e43963b80e6f837831f38d314a0495500067cb25afab2e8d7a4018"},
    {file = "PyYAML-5.4.1-cp37-cp37m-manylinux1_x86_64.whl", hash = "sha256:e1d4970ea66be07ae37a3c2e48b5ec63f7ba6804bdddfdbd3cfd954d25a82e63"},
    {file = "PyYAML-5.4.1-cp37-cp37m-win32.whl", hash = "sha256:dd5de0646207f053eb0d6c74ae45ba98c3395a571a2891858e87df7c9b9bd51b"},
    {file = "PyYAML-5.4.1-cp37-cp37m-win_amd64.whl", hash = "sha256:08682f6b72c722394747bddaf0aa62277e02557c0fd1c42cb853016a38f8dedf"},
    {file = "PyYAML-5.4.1-cp38-cp38-macosx_10_9_x86_64.whl", hash = "sha256:d2d9808ea7b4af864f35ea216be506ecec180628aced0704e34aca0b040ffe46"},
    {file = "PyYAML-5.4.1-cp38-cp38-manylinux1_x86_64.whl", hash = "sha256:8c1be557ee92a20f184922c7b6424e8ab6691788e6d86137c5d93c1a6ec1b8fb"},
    {file = "PyYAML-5.4.1-cp38-cp38-win32.whl", hash = "sha256:fa5ae20527d8e831e8230cbffd9f8fe952815b2b7dae6ffec25318803a7528fc"},
    {file = "PyYAML-5.4.1-cp38-cp38-win_amd64.whl", hash = "sha256:0f5f5786c0e09baddcd8b4b45f20a7b5d61a7e7e99846e3c799b05c7c53fa696"},
    {file = "PyYAML-5.4.1-cp39-cp39-macosx_10_9_x86_64.whl", hash = "sha256:294db365efa064d00b8d1ef65d8ea2c3426ac366c0c4368d930bf1c5fb497f77"},
    {file = "PyYAML-5.4.1-cp39-cp39-manylinux1_x86_64.whl", hash = "sha256:74c1485f7707cf707a7aef42ef6322b8f97921bd89be2ab6317fd782c2d53183"},
    {file = "PyYAML-5.4.1-cp39-cp39-win32.whl", hash = "sha256:49d4cdd9065b9b6e206d0595fee27a96b5dd22618e7520c33204a4a3239d5b10"},
    {file = "PyYAML-5.4.1-cp39-cp39-win_amd64.whl", hash = "sha256:c20cfa2d49991c8b4147af39859b167664f2ad4561704ee74c1de03318e898db"},
    {file = "PyYAML-5.4.1.tar.gz", hash = "sha256:607774cbba28732bfa802b54baa7484215f530991055bb562efbed5b2f20a45e"},
]
six = [
    {file = "six-1.15.0-py2.py3-none-any.whl", hash = "sha256:8b74bedcbbbaca38ff6d7491d76f2b06b3592611af620f8426e82dddb04a5ced"},
    {file = "six-1.15.0.tar.gz", hash = "sha256:30639c035cdb23534cd4aa2dd52c3bf48f06e5f4a941509c8bafd8ce11080259"},
]
sqlparse = [
    {file = "sqlparse-0.4.1-py3-none-any.whl", hash = "sha256:017cde379adbd6a1f15a61873f43e8274179378e95ef3fede90b5aa64d304ed0"},
    {file = "sqlparse-0.4.1.tar.gz", hash = "sha256:0f91fd2e829c44362cbcfab3e9ae12e22badaa8a29ad5ff599f9ec109f0454e8"},
]
tablib = [
    {file = "tablib-3.0.0-py3-none-any.whl", hash = "sha256:41aa40981cddd7ec4d1fabeae7c38d271601b306386bd05b5c3bcae13e5aeb20"},
    {file = "tablib-3.0.0.tar.gz", hash = "sha256:f83cac08454f225a34a305daa20e2110d5e6335135d505f93bc66583a5f9c10d"},
]
toml = [
    {file = "toml-0.10.2-py2.py3-none-any.whl", hash = "sha256:806143ae5bfb6a3c6e736a764057db0e6a0e05e338b5630894a5f779cabb4f9b"},
    {file = "toml-0.10.2.tar.gz", hash = "sha256:b3bda1d108d5dd99f4a20d24d9c348e91c4db7ab1b749200bded2f839ccbe68f"},
]
virtualenv = [
    {file = "virtualenv-20.4.2-py2.py3-none-any.whl", hash = "sha256:2be72df684b74df0ea47679a7df93fd0e04e72520022c57b479d8f881485dbe3"},
    {file = "virtualenv-20.4.2.tar.gz", hash = "sha256:147b43894e51dd6bba882cf9c282447f780e2251cd35172403745fc381a0a80d"},
]
whitenoise = [
    {file = "whitenoise-5.2.0-py2.py3-none-any.whl", hash = "sha256:05d00198c777028d72d8b0bbd234db605ef6d60e9410125124002518a48e515d"},
    {file = "whitenoise-5.2.0.tar.gz", hash = "sha256:05ce0be39ad85740a78750c86a93485c40f08ad8c62a6006de0233765996e5c7"},
]
xlrd = [
    {file = "xlrd-2.0.1-py2.py3-none-any.whl", hash = "sha256:6a33ee89877bd9abc1158129f6e94be74e2679636b8a205b43b85206c3f0bbdd"},
    {file = "xlrd-2.0.1.tar.gz", hash = "sha256:f72f148f54442c6b056bf931dbc34f986fd0c3b0b6b5a58d013c9aef274d0c88"},
]
xlwt = [
    {file = "xlwt-1.3.0-py2.py3-none-any.whl", hash = "sha256:a082260524678ba48a297d922cc385f58278b8aa68741596a87de01a9c628b2e"},
    {file = "xlwt-1.3.0.tar.gz", hash = "sha256:c59912717a9b28f1a3c2a98fd60741014b06b043936dcecbc113eaaada156c88"},
]
